// !$*UTF8*$!
{
	archiveVersion = 1;
	classes = {
	};
	objectVersion = 56;
	objects = {

/* Begin PBXBuildFile section */
		6F8E69D52BC324300049EC6F /* AppDelegate.swift in Sources */ = {isa = PBXBuildFile; fileRef = 6F8E69D42BC324300049EC6F /* AppDelegate.swift */; };
		6F8E69D72BC324300049EC6F /* SceneDelegate.swift in Sources */ = {isa = PBXBuildFile; fileRef = 6F8E69D62BC324300049EC6F /* SceneDelegate.swift */; };
		6F8E69D92BC324300049EC6F /* ViewController.swift in Sources */ = {isa = PBXBuildFile; fileRef = 6F8E69D82BC324300049EC6F /* ViewController.swift */; };
		6F8E69DC2BC324300049EC6F /* Main.storyboard in Resources */ = {isa = PBXBuildFile; fileRef = 6F8E69DA2BC324300049EC6F /* Main.storyboard */; };
		6F8E69DE2BC324330049EC6F /* Assets.xcassets in Resources */ = {isa = PBXBuildFile; fileRef = 6F8E69DD2BC324330049EC6F /* Assets.xcassets */; };
		6F8E69E12BC324330049EC6F /* LaunchScreen.storyboard in Resources */ = {isa = PBXBuildFile; fileRef = 6F8E69DF2BC324330049EC6F /* LaunchScreen.storyboard */; };
		6F8E69EC2BC324340049EC6F /* OrderOfEventsTests.swift in Sources */ = {isa = PBXBuildFile; fileRef = 6F8E69EB2BC324340049EC6F /* OrderOfEventsTests.swift */; };
		6F8E69F62BC324340049EC6F /* OrderOfEventsUITests.swift in Sources */ = {isa = PBXBuildFile; fileRef = 6F8E69F52BC324340049EC6F /* OrderOfEventsUITests.swift */; };
		6F8E69F82BC324340049EC6F /* OrderOfEventsUITestsLaunchTests.swift in Sources */ = {isa = PBXBuildFile; fileRef = 6F8E69F72BC324340049EC6F /* OrderOfEventsUITestsLaunchTests.swift */; };
		6F8E6A052BC3269A0049EC6F /* MiddleViewController.swift in Sources */ = {isa = PBXBuildFile; fileRef = 6F8E6A042BC3269A0049EC6F /* MiddleViewController.swift */; };
		6F8E6A072BC326BB0049EC6F /* LastViewController.swift in Sources */ = {isa = PBXBuildFile; fileRef = 6F8E6A062BC326BB0049EC6F /* LastViewController.swift */; };
/* End PBXBuildFile section */

/* Begin PBXContainerItemProxy section */
		6F8E69E82BC324340049EC6F /* PBXContainerItemProxy */ = {
			isa = PBXContainerItemProxy;
			containerPortal = 6F8E69C92BC324300049EC6F /* Project object */;
			proxyType = 1;
			remoteGlobalIDString = 6F8E69D02BC324300049EC6F;
			remoteInfo = OrderOfEvents;
		};
		6F8E69F22BC324340049EC6F /* PBXContainerItemProxy */ = {
			isa = PBXContainerItemProxy;
			containerPortal = 6F8E69C92BC324300049EC6F /* Project object */;
			proxyType = 1;
			remoteGlobalIDString = 6F8E69D02BC324300049EC6F;
			remoteInfo = OrderOfEvents;
		};
/* End PBXContainerItemProxy section */

/* Begin PBXFileReference section */
		6F8E69D12BC324300049EC6F /* OrderOfEvents.app */ = {isa = PBXFileReference; explicitFileType = wrapper.application; includeInIndex = 0; path = OrderOfEvents.app; sourceTree = BUILT_PRODUCTS_DIR; };
		6F8E69D42BC324300049EC6F /* AppDelegate.swift */ = {isa = PBXFileReference; lastKnownFileType = sourcecode.swift; path = AppDelegate.swift; sourceTree = "<group>"; };
		6F8E69D62BC324300049EC6F /* SceneDelegate.swift */ = {isa = PBXFileReference; lastKnownFileType = sourcecode.swift; path = SceneDelegate.swift; sourceTree = "<group>"; };
		6F8E69D82BC324300049EC6F /* ViewController.swift */ = {isa = PBXFileReference; lastKnownFileType = sourcecode.swift; path = ViewController.swift; sourceTree = "<group>"; };
		6F8E69DB2BC324300049EC6F /* Base */ = {isa = PBXFileReference; lastKnownFileType = file.storyboard; name = Base; path = Base.lproj/Main.storyboard; sourceTree = "<group>"; };
		6F8E69DD2BC324330049EC6F /* Assets.xcassets */ = {isa = PBXFileReference; lastKnownFileType = folder.assetcatalog; path = Assets.xcassets; sourceTree = "<group>"; };
		6F8E69E02BC324330049EC6F /* Base */ = {isa = PBXFileReference; lastKnownFileType = file.storyboard; name = Base; path = Base.lproj/LaunchScreen.storyboard; sourceTree = "<group>"; };
		6F8E69E22BC324330049EC6F /* Info.plist */ = {isa = PBXFileReference; lastKnownFileType = text.plist.xml; path = Info.plist; sourceTree = "<group>"; };
		6F8E69E72BC324340049EC6F /* OrderOfEventsTests.xctest */ = {isa = PBXFileReference; explicitFileType = wrapper.cfbundle; includeInIndex = 0; path = OrderOfEventsTests.xctest; sourceTree = BUILT_PRODUCTS_DIR; };
		6F8E69EB2BC324340049EC6F /* OrderOfEventsTests.swift */ = {isa = PBXFileReference; lastKnownFileType = sourcecode.swift; path = OrderOfEventsTests.swift; sourceTree = "<group>"; };
		6F8E69F12BC324340049EC6F /* OrderOfEventsUITests.xctest */ = {isa = PBXFileReference; explicitFileType = wrapper.cfbundle; includeInIndex = 0; path = OrderOfEventsUITests.xctest; sourceTree = BUILT_PRODUCTS_DIR; };
		6F8E69F52BC324340049EC6F /* OrderOfEventsUITests.swift */ = {isa = PBXFileReference; lastKnownFileType = sourcecode.swift; path = OrderOfEventsUITests.swift; sourceTree = "<group>"; };
		6F8E69F72BC324340049EC6F /* OrderOfEventsUITestsLaunchTests.swift */ = {isa = PBXFileReference; lastKnownFileType = sourcecode.swift; path = OrderOfEventsUITestsLaunchTests.swift; sourceTree = "<group>"; };
		6F8E6A042BC3269A0049EC6F /* MiddleViewController.swift */ = {isa = PBXFileReference; lastKnownFileType = sourcecode.swift; path = MiddleViewController.swift; sourceTree = "<group>"; };
		6F8E6A062BC326BB0049EC6F /* LastViewController.swift */ = {isa = PBXFileReference; lastKnownFileType = sourcecode.swift; path = LastViewController.swift; sourceTree = "<group>"; };
/* End PBXFileReference section */

/* Begin PBXFrameworksBuildPhase section */
		6F8E69CE2BC324300049EC6F /* Frameworks */ = {
			isa = PBXFrameworksBuildPhase;
			buildActionMask = 2147483647;
			files = (
			);
			runOnlyForDeploymentPostprocessing = 0;
		};
		6F8E69E42BC324340049EC6F /* Frameworks */ = {
			isa = PBXFrameworksBuildPhase;
			buildActionMask = 2147483647;
			files = (
			);
			runOnlyForDeploymentPostprocessing = 0;
		};
		6F8E69EE2BC324340049EC6F /* Frameworks */ = {
			isa = PBXFrameworksBuildPhase;
			buildActionMask = 2147483647;
			files = (
			);
			runOnlyForDeploymentPostprocessing = 0;
		};
/* End PBXFrameworksBuildPhase section */

/* Begin PBXGroup section */
		6F8E69C82BC324300049EC6F = {
			isa = PBXGroup;
			children = (
				6F8E69D32BC324300049EC6F /* OrderOfEvents */,
				6F8E69EA2BC324340049EC6F /* OrderOfEventsTests */,
				6F8E69F42BC324340049EC6F /* OrderOfEventsUITests */,
				6F8E69D22BC324300049EC6F /* Products */,
			);
			sourceTree = "<group>";
		};
		6F8E69D22BC324300049EC6F /* Products */ = {
			isa = PBXGroup;
			children = (
				6F8E69D12BC324300049EC6F /* OrderOfEvents.app */,
				6F8E69E72BC324340049EC6F /* OrderOfEventsTests.xctest */,
				6F8E69F12BC324340049EC6F /* OrderOfEventsUITests.xctest */,
			);
			name = Products;
			sourceTree = "<group>";
		};
		6F8E69D32BC324300049EC6F /* OrderOfEvents */ = {
			isa = PBXGroup;
			children = (
				6F8E69D42BC324300049EC6F /* AppDelegate.swift */,
				6F8E69D62BC324300049EC6F /* SceneDelegate.swift */,
				6F8E69D82BC324300049EC6F /* ViewController.swift */,
				6F8E69DA2BC324300049EC6F /* Main.storyboard */,
				6F8E6A042BC3269A0049EC6F /* MiddleViewController.swift */,
				6F8E6A062BC326BB0049EC6F /* LastViewController.swift */,
				6F8E69DD2BC324330049EC6F /* Assets.xcassets */,
				6F8E69DF2BC324330049EC6F /* LaunchScreen.storyboard */,
				6F8E69E22BC324330049EC6F /* Info.plist */,
			);
			path = OrderOfEvents;
			sourceTree = "<group>";
		};
		6F8E69EA2BC324340049EC6F /* OrderOfEventsTests */ = {
			isa = PBXGroup;
			children = (
				6F8E69EB2BC324340049EC6F /* OrderOfEventsTests.swift */,
			);
			path = OrderOfEventsTests;
			sourceTree = "<group>";
		};
		6F8E69F42BC324340049EC6F /* OrderOfEventsUITests */ = {
			isa = PBXGroup;
			children = (
				6F8E69F52BC324340049EC6F /* OrderOfEventsUITests.swift */,
				6F8E69F72BC324340049EC6F /* OrderOfEventsUITestsLaunchTests.swift */,
			);
			path = OrderOfEventsUITests;
			sourceTree = "<group>";
		};
/* End PBXGroup section */

/* Begin PBXNativeTarget section */
		6F8E69D02BC324300049EC6F /* OrderOfEvents */ = {
			isa = PBXNativeTarget;
			buildConfigurationList = 6F8E69FB2BC324340049EC6F /* Build configuration list for PBXNativeTarget "OrderOfEvents" */;
			buildPhases = (
				6F8E69CD2BC324300049EC6F /* Sources */,
				6F8E69CE2BC324300049EC6F /* Frameworks */,
				6F8E69CF2BC324300049EC6F /* Resources */,
			);
			buildRules = (
			);
			dependencies = (
			);
			name = OrderOfEvents;
			productName = OrderOfEvents;
			productReference = 6F8E69D12BC324300049EC6F /* OrderOfEvents.app */;
			productType = "com.apple.product-type.application";
		};
		6F8E69E62BC324340049EC6F /* OrderOfEventsTests */ = {
			isa = PBXNativeTarget;
			buildConfigurationList = 6F8E69FE2BC324340049EC6F /* Build configuration list for PBXNativeTarget "OrderOfEventsTests" */;
			buildPhases = (
				6F8E69E32BC324340049EC6F /* Sources */,
				6F8E69E42BC324340049EC6F /* Frameworks */,
				6F8E69E52BC324340049EC6F /* Resources */,
			);
			buildRules = (
			);
			dependencies = (
				6F8E69E92BC324340049EC6F /* PBXTargetDependency */,
			);
			name = OrderOfEventsTests;
			productName = OrderOfEventsTests;
			productReference = 6F8E69E72BC324340049EC6F /* OrderOfEventsTests.xctest */;
			productType = "com.apple.product-type.bundle.unit-test";
		};
		6F8E69F02BC324340049EC6F /* OrderOfEventsUITests */ = {
			isa = PBXNativeTarget;
			buildConfigurationList = 6F8E6A012BC324340049EC6F /* Build configuration list for PBXNativeTarget "OrderOfEventsUITests" */;
			buildPhases = (
				6F8E69ED2BC324340049EC6F /* Sources */,
				6F8E69EE2BC324340049EC6F /* Frameworks */,
				6F8E69EF2BC324340049EC6F /* Resources */,
			);
			buildRules = (
			);
			dependencies = (
				6F8E69F32BC324340049EC6F /* PBXTargetDependency */,
			);
			name = OrderOfEventsUITests;
			productName = OrderOfEventsUITests;
			productReference = 6F8E69F12BC324340049EC6F /* OrderOfEventsUITests.xctest */;
			productType = "com.apple.product-type.bundle.ui-testing";
		};
/* End PBXNativeTarget section */

/* Begin PBXProject section */
		6F8E69C92BC324300049EC6F /* Project object */ = {
			isa = PBXProject;
			attributes = {
				BuildIndependentTargetsInParallel = 1;
				LastSwiftUpdateCheck = 1520;
				LastUpgradeCheck = 1520;
				TargetAttributes = {
					6F8E69D02BC324300049EC6F = {
						CreatedOnToolsVersion = 15.2;
					};
					6F8E69E62BC324340049EC6F = {
						CreatedOnToolsVersion = 15.2;
						TestTargetID = 6F8E69D02BC324300049EC6F;
					};
					6F8E69F02BC324340049EC6F = {
						CreatedOnToolsVersion = 15.2;
						TestTargetID = 6F8E69D02BC324300049EC6F;
					};
				};
			};
			buildConfigurationList = 6F8E69CC2BC324300049EC6F /* Build configuration list for PBXProject "OrderOfEvents" */;
			compatibilityVersion = "Xcode 14.0";
			developmentRegion = en;
			hasScannedForEncodings = 0;
			knownRegions = (
				en,
				Base,
			);
			mainGroup = 6F8E69C82BC324300049EC6F;
			productRefGroup = 6F8E69D22BC324300049EC6F /* Products */;
			projectDirPath = "";
			projectRoot = "";
			targets = (
				6F8E69D02BC324300049EC6F /* OrderOfEvents */,
				6F8E69E62BC324340049EC6F /* OrderOfEventsTests */,
				6F8E69F02BC324340049EC6F /* OrderOfEventsUITests */,
			);
		};
/* End PBXProject section */

/* Begin PBXResourcesBuildPhase section */
		6F8E69CF2BC324300049EC6F /* Resources */ = {
			isa = PBXResourcesBuildPhase;
			buildActionMask = 2147483647;
			files = (
				6F8E69E12BC324330049EC6F /* LaunchScreen.storyboard in Resources */,
				6F8E69DE2BC324330049EC6F /* Assets.xcassets in Resources */,
				6F8E69DC2BC324300049EC6F /* Main.storyboard in Resources */,
			);
			runOnlyForDeploymentPostprocessing = 0;
		};
		6F8E69E52BC324340049EC6F /* Resources */ = {
			isa = PBXResourcesBuildPhase;
			buildActionMask = 2147483647;
			files = (
			);
			runOnlyForDeploymentPostprocessing = 0;
		};
		6F8E69EF2BC324340049EC6F /* Resources */ = {
			isa = PBXResourcesBuildPhase;
			buildActionMask = 2147483647;
			files = (
			);
			runOnlyForDeploymentPostprocessing = 0;
		};
/* End PBXResourcesBuildPhase section */

/* Begin PBXSourcesBuildPhase section */
		6F8E69CD2BC324300049EC6F /* Sources */ = {
			isa = PBXSourcesBuildPhase;
			buildActionMask = 2147483647;
			files = (
				6F8E69D92BC324300049EC6F /* ViewController.swift in Sources */,
				6F8E6A072BC326BB0049EC6F /* LastViewController.swift in Sources */,
				6F8E69D52BC324300049EC6F /* AppDelegate.swift in Sources */,
				6F8E69D72BC324300049EC6F /* SceneDelegate.swift in Sources */,
				6F8E6A052BC3269A0049EC6F /* MiddleViewController.swift in Sources */,
			);
			runOnlyForDeploymentPostprocessing = 0;
		};
		6F8E69E32BC324340049EC6F /* Sources */ = {
			isa = PBXSourcesBuildPhase;
			buildActionMask = 2147483647;
			files = (
				6F8E69EC2BC324340049EC6F /* OrderOfEventsTests.swift in Sources */,
			);
			runOnlyForDeploymentPostprocessing = 0;
		};
		6F8E69ED2BC324340049EC6F /* Sources */ = {
			isa = PBXSourcesBuildPhase;
			buildActionMask = 2147483647;
			files = (
				6F8E69F62BC324340049EC6F /* OrderOfEventsUITests.swift in Sources */,
				6F8E69F82BC324340049EC6F /* OrderOfEventsUITestsLaunchTests.swift in Sources */,
			);
			runOnlyForDeploymentPostprocessing = 0;
		};
/* End PBXSourcesBuildPhase section */

/* Begin PBXTargetDependency section */
		6F8E69E92BC324340049EC6F /* PBXTargetDependency */ = {
			isa = PBXTargetDependency;
			target = 6F8E69D02BC324300049EC6F /* OrderOfEvents */;
			targetProxy = 6F8E69E82BC324340049EC6F /* PBXContainerItemProxy */;
		};
		6F8E69F32BC324340049EC6F /* PBXTargetDependency */ = {
			isa = PBXTargetDependency;
			target = 6F8E69D02BC324300049EC6F /* OrderOfEvents */;
			targetProxy = 6F8E69F22BC324340049EC6F /* PBXContainerItemProxy */;
		};
/* End PBXTargetDependency section */

/* Begin PBXVariantGroup section */
		6F8E69DA2BC324300049EC6F /* Main.storyboard */ = {
			isa = PBXVariantGroup;
			children = (
				6F8E69DB2BC324300049EC6F /* Base */,
			);
			name = Main.storyboard;
			sourceTree = "<group>";
		};
		6F8E69DF2BC324330049EC6F /* LaunchScreen.storyboard */ = {
			isa = PBXVariantGroup;
			children = (
				6F8E69E02BC324330049EC6F /* Base */,
			);
			name = LaunchScreen.storyboard;
			sourceTree = "<group>";
		};
/* End PBXVariantGroup section */

/* Begin XCBuildConfiguration section */
		6F8E69F92BC324340049EC6F /* Debug */ = {
			isa = XCBuildConfiguration;
			buildSettings = {
				ALWAYS_SEARCH_USER_PATHS = NO;
				ASSETCATALOG_COMPILER_GENERATE_SWIFT_ASSET_SYMBOL_EXTENSIONS = YES;
				CLANG_ANALYZER_NONNULL = YES;
				CLANG_ANALYZER_NUMBER_OBJECT_CONVERSION = YES_AGGRESSIVE;
				CLANG_CXX_LANGUAGE_STANDARD = "gnu++20";
				CLANG_ENABLE_MODULES = YES;
				CLANG_ENABLE_OBJC_ARC = YES;
				CLANG_ENABLE_OBJC_WEAK = YES;
				CLANG_WARN_BLOCK_CAPTURE_AUTORELEASING = YES;
				CLANG_WARN_BOOL_CONVERSION = YES;
				CLANG_WARN_COMMA = YES;
				CLANG_WARN_CONSTANT_CONVERSION = YES;
				CLANG_WARN_DEPRECATED_OBJC_IMPLEMENTATIONS = YES;
				CLANG_WARN_DIRECT_OBJC_ISA_USAGE = YES_ERROR;
				CLANG_WARN_DOCUMENTATION_COMMENTS = YES;
				CLANG_WARN_EMPTY_BODY = YES;
				CLANG_WARN_ENUM_CONVERSION = YES;
				CLANG_WARN_INFINITE_RECURSION = YES;
				CLANG_WARN_INT_CONVERSION = YES;
				CLANG_WARN_NON_LITERAL_NULL_CONVERSION = YES;
				CLANG_WARN_OBJC_IMPLICIT_RETAIN_SELF = YES;
				CLANG_WARN_OBJC_LITERAL_CONVERSION = YES;
				CLANG_WARN_OBJC_ROOT_CLASS = YES_ERROR;
				CLANG_WARN_QUOTED_INCLUDE_IN_FRAMEWORK_HEADER = YES;
				CLANG_WARN_RANGE_LOOP_ANALYSIS = YES;
				CLANG_WARN_STRICT_PROTOTYPES = YES;
				CLANG_WARN_SUSPICIOUS_MOVE = YES;
				CLANG_WARN_UNGUARDED_AVAILABILITY = YES_AGGRESSIVE;
				CLANG_WARN_UNREACHABLE_CODE = YES;
				CLANG_WARN__DUPLICATE_METHOD_MATCH = YES;
				COPY_PHASE_STRIP = NO;
				DEBUG_INFORMATION_FORMAT = dwarf;
				ENABLE_STRICT_OBJC_MSGSEND = YES;
				ENABLE_TESTABILITY = YES;
				ENABLE_USER_SCRIPT_SANDBOXING = YES;
				GCC_C_LANGUAGE_STANDARD = gnu17;
				GCC_DYNAMIC_NO_PIC = NO;
				GCC_NO_COMMON_BLOCKS = YES;
				GCC_OPTIMIZATION_LEVEL = 0;
				GCC_PREPROCESSOR_DEFINITIONS = (
					"DEBUG=1",
					"$(inherited)",
				);
				GCC_WARN_64_TO_32_BIT_CONVERSION = YES;
				GCC_WARN_ABOUT_RETURN_TYPE = YES_ERROR;
				GCC_WARN_UNDECLARED_SELECTOR = YES;
				GCC_WARN_UNINITIALIZED_AUTOS = YES_AGGRESSIVE;
				GCC_WARN_UNUSED_FUNCTION = YES;
				GCC_WARN_UNUSED_VARIABLE = YES;
				IPHONEOS_DEPLOYMENT_TARGET = 17.2;
				LOCALIZATION_PREFERS_STRING_CATALOGS = YES;
				MTL_ENABLE_DEBUG_INFO = INCLUDE_SOURCE;
				MTL_FAST_MATH = YES;
				ONLY_ACTIVE_ARCH = YES;
				SDKROOT = iphoneos;
				SWIFT_ACTIVE_COMPILATION_CONDITIONS = "DEBUG $(inherited)";
				SWIFT_OPTIMIZATION_LEVEL = "-Onone";
			};
			name = Debug;
		};
		6F8E69FA2BC324340049EC6F /* Release */ = {
			isa = XCBuildConfiguration;
			buildSettings = {
				ALWAYS_SEARCH_USER_PATHS = NO;
				ASSETCATALOG_COMPILER_GENERATE_SWIFT_ASSET_SYMBOL_EXTENSIONS = YES;
				CLANG_ANALYZER_NONNULL = YES;
				CLANG_ANALYZER_NUMBER_OBJECT_CONVERSION = YES_AGGRESSIVE;
				CLANG_CXX_LANGUAGE_STANDARD = "gnu++20";
				CLANG_ENABLE_MODULES = YES;
				CLANG_ENABLE_OBJC_ARC = YES;
				CLANG_ENABLE_OBJC_WEAK = YES;
				CLANG_WARN_BLOCK_CAPTURE_AUTORELEASING = YES;
				CLANG_WARN_BOOL_CONVERSION = YES;
				CLANG_WARN_COMMA = YES;
				CLANG_WARN_CONSTANT_CONVERSION = YES;
				CLANG_WARN_DEPRECATED_OBJC_IMPLEMENTATIONS = YES;
				CLANG_WARN_DIRECT_OBJC_ISA_USAGE = YES_ERROR;
				CLANG_WARN_DOCUMENTATION_COMMENTS = YES;
				CLANG_WARN_EMPTY_BODY = YES;
				CLANG_WARN_ENUM_CONVERSION = YES;
				CLANG_WARN_INFINITE_RECURSION = YES;
				CLANG_WARN_INT_CONVERSION = YES;
				CLANG_WARN_NON_LITERAL_NULL_CONVERSION = YES;
				CLANG_WARN_OBJC_IMPLICIT_RETAIN_SELF = YES;
				CLANG_WARN_OBJC_LITERAL_CONVERSION = YES;
				CLANG_WARN_OBJC_ROOT_CLASS = YES_ERROR;
				CLANG_WARN_QUOTED_INCLUDE_IN_FRAMEWORK_HEADER = YES;
				CLANG_WARN_RANGE_LOOP_ANALYSIS = YES;
				CLANG_WARN_STRICT_PROTOTYPES = YES;
				CLANG_WARN_SUSPICIOUS_MOVE = YES;
				CLANG_WARN_UNGUARDED_AVAILABILITY = YES_AGGRESSIVE;
				CLANG_WARN_UNREACHABLE_CODE = YES;
				CLANG_WARN__DUPLICATE_METHOD_MATCH = YES;
				COPY_PHASE_STRIP = NO;
				DEBUG_INFORMATION_FORMAT = "dwarf-with-dsym";
				ENABLE_NS_ASSERTIONS = NO;
				ENABLE_STRICT_OBJC_MSGSEND = YES;
				ENABLE_USER_SCRIPT_SANDBOXING = YES;
				GCC_C_LANGUAGE_STANDARD = gnu17;
				GCC_NO_COMMON_BLOCKS = YES;
				GCC_WARN_64_TO_32_BIT_CONVERSION = YES;
				GCC_WARN_ABOUT_RETURN_TYPE = YES_ERROR;
				GCC_WARN_UNDECLARED_SELECTOR = YES;
				GCC_WARN_UNINITIALIZED_AUTOS = YES_AGGRESSIVE;
				GCC_WARN_UNUSED_FUNCTION = YES;
				GCC_WARN_UNUSED_VARIABLE = YES;
				IPHONEOS_DEPLOYMENT_TARGET = 17.2;
				LOCALIZATION_PREFERS_STRING_CATALOGS = YES;
				MTL_ENABLE_DEBUG_INFO = NO;
				MTL_FAST_MATH = YES;
				SDKROOT = iphoneos;
				SWIFT_COMPILATION_MODE = wholemodule;
				VALIDATE_PRODUCT = YES;
			};
			name = Release;
		};
		6F8E69FC2BC324340049EC6F /* Debug */ = {
			isa = XCBuildConfiguration;
			buildSettings = {
				ASSETCATALOG_COMPILER_APPICON_NAME = AppIcon;
				ASSETCATALOG_COMPILER_GLOBAL_ACCENT_COLOR_NAME = AccentColor;
				CODE_SIGN_STYLE = Automatic;
				CURRENT_PROJECT_VERSION = 1;
				GENERATE_INFOPLIST_FILE = YES;
				INFOPLIST_FILE = OrderOfEvents/Info.plist;
				INFOPLIST_KEY_UIApplicationSupportsIndirectInputEvents = YES;
				INFOPLIST_KEY_UILaunchStoryboardName = LaunchScreen;
				INFOPLIST_KEY_UIMainStoryboardFile = Main;
				INFOPLIST_KEY_UISupportedInterfaceOrientations_iPad = "UIInterfaceOrientationPortrait UIInterfaceOrientationPortraitUpsideDown UIInterfaceOrientationLandscapeLeft UIInterfaceOrientationLandscapeRight";
				INFOPLIST_KEY_UISupportedInterfaceOrientations_iPhone = "UIInterfaceOrientationPortrait UIInterfaceOrientationLandscapeLeft UIInterfaceOrientationLandscapeRight";
				LD_RUNPATH_SEARCH_PATHS = (
					"$(inherited)",
					"@executable_path/Frameworks",
				);
				MARKETING_VERSION = 1.0;
				PRODUCT_BUNDLE_IDENTIFIER = ActividadApple.OrderOfEvents;
				PRODUCT_NAME = "$(TARGET_NAME)";
				SWIFT_EMIT_LOC_STRINGS = YES;
				SWIFT_VERSION = 5.0;
				TARGETED_DEVICE_FAMILY = "1,2";
			};
			name = Debug;
		};
		6F8E69FD2BC324340049EC6F /* Release */ = {
			isa = XCBuildConfiguration;
			buildSettings = {
				ASSETCATALOG_COMPILER_APPICON_NAME = AppIcon;
				ASSETCATALOG_COMPILER_GLOBAL_ACCENT_COLOR_NAME = AccentColor;
				CODE_SIGN_STYLE = Automatic;
				CURRENT_PROJECT_VERSION = 1;
				GENERATE_INFOPLIST_FILE = YES;
				INFOPLIST_FILE = OrderOfEvents/Info.plist;
				INFOPLIST_KEY_UIApplicationSupportsIndirectInputEvents = YES;
				INFOPLIST_KEY_UILaunchStoryboardName = LaunchScreen;
				INFOPLIST_KEY_UIMainStoryboardFile = Main;
				INFOPLIST_KEY_UISupportedInterfaceOrientations_iPad = "UIInterfaceOrientationPortrait UIInterfaceOrientationPortraitUpsideDown UIInterfaceOrientationLandscapeLeft UIInterfaceOrientationLandscapeRight";
				INFOPLIST_KEY_UISupportedInterfaceOrientations_iPhone = "UIInterfaceOrientationPortrait UIInterfaceOrientationLandscapeLeft UIInterfaceOrientationLandscapeRight";
				LD_RUNPATH_SEARCH_PATHS = (
					"$(inherited)",
					"@executable_path/Frameworks",
				);
				MARKETING_VERSION = 1.0;
				PRODUCT_BUNDLE_IDENTIFIER = ActividadApple.OrderOfEvents;
				PRODUCT_NAME = "$(TARGET_NAME)";
				SWIFT_EMIT_LOC_STRINGS = YES;
				SWIFT_VERSION = 5.0;
				TARGETED_DEVICE_FAMILY = "1,2";
			};
			name = Release;
		};
		6F8E69FF2BC324340049EC6F /* Debug */ = {
			isa = XCBuildConfiguration;
			buildSettings = {
				ALWAYS_EMBED_SWIFT_STANDARD_LIBRARIES = YES;
				BUNDLE_LOADER = "$(TEST_HOST)";
				CODE_SIGN_STYLE = Automatic;
				CURRENT_PROJECT_VERSION = 1;
				GENERATE_INFOPLIST_FILE = YES;
				IPHONEOS_DEPLOYMENT_TARGET = 17.2;
				MARKETING_VERSION = 1.0;
				PRODUCT_BUNDLE_IDENTIFIER = ActividadApple.OrderOfEventsTests;
				PRODUCT_NAME = "$(TARGET_NAME)";
				SWIFT_EMIT_LOC_STRINGS = NO;
				SWIFT_VERSION = 5.0;
				TARGETED_DEVICE_FAMILY = "1,2";
				TEST_HOST = "$(BUILT_PRODUCTS_DIR)/OrderOfEvents.app/$(BUNDLE_EXECUTABLE_FOLDER_PATH)/OrderOfEvents";
			};
			name = Debug;
		};
		6F8E6A002BC324340049EC6F /* Release */ = {
			isa = XCBuildConfiguration;
			buildSettings = {
				ALWAYS_EMBED_SWIFT_STANDARD_LIBRARIES = YES;
				BUNDLE_LOADER = "$(TEST_HOST)";
				CODE_SIGN_STYLE = Automatic;
				CURRENT_PROJECT_VERSION = 1;
				GENERATE_INFOPLIST_FILE = YES;
				IPHONEOS_DEPLOYMENT_TARGET = 17.2;
				MARKETING_VERSION = 1.0;
				PRODUCT_BUNDLE_IDENTIFIER = ActividadApple.OrderOfEventsTests;
				PRODUCT_NAME = "$(TARGET_NAME)";
				SWIFT_EMIT_LOC_STRINGS = NO;
				SWIFT_VERSION = 5.0;
				TARGETED_DEVICE_FAMILY = "1,2";
				TEST_HOST = "$(BUILT_PRODUCTS_DIR)/OrderOfEvents.app/$(BUNDLE_EXECUTABLE_FOLDER_PATH)/OrderOfEvents";
			};
			name = Release;
		};
		6F8E6A022BC324340049EC6F /* Debug */ = {
			isa = XCBuildConfiguration;
			buildSettings = {
				ALWAYS_EMBED_SWIFT_STANDARD_LIBRARIES = YES;
				CODE_SIGN_STYLE = Automatic;
				CURRENT_PROJECT_VERSION = 1;
				GENERATE_INFOPLIST_FILE = YES;
				MARKETING_VERSION = 1.0;
				PRODUCT_BUNDLE_IDENTIFIER = ActividadApple.OrderOfEventsUITests;
				PRODUCT_NAME = "$(TARGET_NAME)";
				SWIFT_EMIT_LOC_STRINGS = NO;
				SWIFT_VERSION = 5.0;
				TARGETED_DEVICE_FAMILY = "1,2";
				TEST_TARGET_NAME = OrderOfEvents;
			};
			name = Debug;
		};
		6F8E6A032BC324340049EC6F /* Release */ = {
			isa = XCBuildConfiguration;
			buildSettings = {
				ALWAYS_EMBED_SWIFT_STANDARD_LIBRARIES = YES;
				CODE_SIGN_STYLE = Automatic;
				CURRENT_PROJECT_VERSION = 1;
				GENERATE_INFOPLIST_FILE = YES;
				MARKETING_VERSION = 1.0;
				PRODUCT_BUNDLE_IDENTIFIER = ActividadApple.OrderOfEventsUITests;
				PRODUCT_NAME = "$(TARGET_NAME)";
				SWIFT_EMIT_LOC_STRINGS = NO;
				SWIFT_VERSION = 5.0;
				TARGETED_DEVICE_FAMILY = "1,2";
				TEST_TARGET_NAME = OrderOfEvents;
			};
			name = Release;
		};
/* End XCBuildConfiguration section */

/* Begin XCConfigurationList section */
		6F8E69CC2BC324300049EC6F /* Build configuration list for PBXProject "OrderOfEvents" */ = {
			isa = XCConfigurationList;
			buildConfigurations = (
				6F8E69F92BC324340049EC6F /* Debug */,
				6F8E69FA2BC324340049EC6F /* Release */,
			);
			defaultConfigurationIsVisible = 0;
			defaultConfigurationName = Release;
		};
		6F8E69FB2BC324340049EC6F /* Build configuration list for PBXNativeTarget "OrderOfEvents" */ = {
			isa = XCConfigurationList;
			buildConfigurations = (
				6F8E69FC2BC324340049EC6F /* Debug */,
				6F8E69FD2BC324340049EC6F /* Release */,
			);
			defaultConfigurationIsVisible = 0;
			defaultConfigurationName = Release;
		};
		6F8E69FE2BC324340049EC6F /* Build configuration list for PBXNativeTarget "OrderOfEventsTests" */ = {
			isa = XCConfigurationList;
			buildConfigurations = (
				6F8E69FF2BC324340049EC6F /* Debug */,
				6F8E6A002BC324340049EC6F /* Release */,
			);
			defaultConfigurationIsVisible = 0;
			defaultConfigurationName = Release;
		};
		6F8E6A012BC324340049EC6F /* Build configuration list for PBXNativeTarget "OrderOfEventsUITests" */ = {
			isa = XCConfigurationList;
			buildConfigurations = (
				6F8E6A022BC324340049EC6F /* Debug */,
				6F8E6A032BC324340049EC6F /* Release */,
			);
			defaultConfigurationIsVisible = 0;
			defaultConfigurationName = Release;
		};
/* End XCConfigurationList section */
	};
	rootObject = 6F8E69C92BC324300049EC6F /* Project object */;
}
